
Microsoft Visual Studio Solution File, Format Version 12.00
# Visual Studio Version 17
Project("{FAE04EC0-301F-11D3-BF4B-00C04F79EFBC}") = "HrPortal.Api", "src\HrPortal.Api\HrPortal.Api.csproj", "{A1B2C3D4-E5F6-7890-ABCD-EF1234567890}"
EndProject
Project("{FAE04EC0-301F-11D3-BF4B-00C04F79EFBC}") = "HrPortal.SharedKernel", "src\Platform\HrPortal.SharedKernel\HrPortal.SharedKernel.csproj", "{B2C3D4E5-F6A7-8901-BCDE-F12345678901}"
EndProject
Project("{FAE04EC0-301F-11D3-BF4B-00C04F79EFBC}") = "HrPortal.Tenancy", "src\Platform\HrPortal.Tenancy\HrPortal.Tenancy.csproj", "{C3D4E5F6-A7B8-9012-CDEF-123456789012}"
EndProject
Project("{FAE04EC0-301F-11D3-BF4B-00C04F79EFBC}") = "HrPortal.Identity", "src\Platform\HrPortal.Identity\HrPortal.Identity.csproj", "{D4E5F6A7-B8C9-0123-DEF0-234567890123}"
EndProject
Project("{FAE04EC0-301F-11D3-BF4B-00C04F79EFBC}") = "HrPortal.Authorization", "src\Platform\HrPortal.Authorization\HrPortal.Authorization.csproj", "{E5F6A7B8-C9D0-1234-EF01-345678901234}"
EndProject
Project("{FAE04EC0-301F-11D3-BF4B-00C04F79EFBC}") = "HrPortal.Storage", "src\Platform\HrPortal.Storage\HrPortal.Storage.csproj", "{F6A7B8C9-D0E1-2345-F012-456789012345}"
EndProject
Project("{FAE04EC0-301F-11D3-BF4B-00C04F79EFBC}") = "HrPortal.Notifications", "src\Platform\HrPortal.Notifications\HrPortal.Notifications.csproj", "{A7B8C9D0-E1F2-3456-0123-567890123456}"
EndProject
Project("{FAE04EC0-301F-11D3-BF4B-00C04F79EFBC}") = "HrPortal.Audit", "src\Platform\HrPortal.Audit\HrPortal.Audit.csproj", "{B8C9D0E1-F2A3-4567-1234-678901234567}"
EndProject
Project("{FAE04EC0-301F-11D3-BF4B-00C04F79EFBC}") = "HrPortal.Configuration", "src\Platform\HrPortal.Configuration\HrPortal.Configuration.csproj", "{C9D0E1F2-A3B4-5678-2345-789012345678}"
EndProject
Project("{FAE04EC0-301F-11D3-BF4B-00C04F79EFBC}") = "HrPortal.Departments", "src\Modules\HrPortal.Departments\HrPortal.Departments.csproj", "{A3B4C5D6-E7F8-9012-3456-789012345ABC}"
EndProject
Project("{FAE04EC0-301F-11D3-BF4B-00C04F79EFBC}") = "HrPortal.Employees", "src\Modules\HrPortal.Employees\HrPortal.Employees.csproj", "{D0E1F2A3-B4C5-6789-3456-890123456789}"
EndProject
Project("{FAE04EC0-301F-11D3-BF4B-00C04F79EFBC}") = "HrPortal.UnitTests", "tests\HrPortal.UnitTests\HrPortal.UnitTests.csproj", "{E1F2A3B4-C5D6-7890-4567-901234567890}"
EndProject
Project("{FAE04EC0-301F-11D3-BF4B-00C04F79EFBC}") = "HrPortal.IntegrationTests", "tests\HrPortal.IntegrationTests\HrPortal.IntegrationTests.csproj", "{F2A3B4C5-D6E7-8901-5678-012345678901}"
EndProject
Project("{2150E333-8FDC-42A3-9474-1A3956D46DE8}") = "Platform", "Platform", "{11111111-1111-1111-1111-111111111111}"
EndProject
Project("{2150E333-8FDC-42A3-9474-1A3956D46DE8}") = "Modules", "Modules", "{22222222-2222-2222-2222-222222222222}"
EndProject
Project("{2150E333-8FDC-42A3-9474-1A3956D46DE8}") = "tests", "tests", "{33333333-3333-3333-3333-333333333333}"
EndProject
Project("{2150E333-8FDC-42A3-9474-1A3956D46DE8}") = "src", "src", "{E14A30AD-4D3A-449A-9C21-57397345108A}"
EndProject
Project("{2150E333-8FDC-42A3-9474-1A3956D46DE8}") = "Modules", "Modules", "{D3A38279-81BD-43D6-817E-AD47C62348E1}"
EndProject
Project("{FAE04EC0-301F-11D3-BF4B-00C04F79EFBC}") = "HrPortal.Leave", "src\Modules\HrPortal.Leave\HrPortal.Leave.csproj", "{992AC166-C237-4443-8D48-FBDB36F2A7CA}"
EndProject
Project("{FAE04EC0-301F-11D3-BF4B-00C04F79EFBC}") = "HrPortal.Attendance", "src\Modules\HrPortal.Attendance\HrPortal.Attendance.csproj", "{26BD5136-D83E-4DEB-AB48-10BDA92DC888}"
EndProject
Project("{FAE04EC0-301F-11D3-BF4B-00C04F79EFBC}") = "HrPortal.Documents", "src\Modules\HrPortal.Documents\HrPortal.Documents.csproj", "{BCEFCCC8-C4A9-497F-8C25-B6FE4891CD31}"
EndProject
Project("{2150E333-8FDC-42A3-9474-1A3956D46DE8}") = "Platform", "Platform", "{5DE946BB-13CE-4041-B170-D94982395865}"
EndProject
Project("{FAE04EC0-301F-11D3-BF4B-00C04F79EFBC}") = "HrPortal.AccessControl", "src\Platform\HrPortal.AccessControl\HrPortal.AccessControl.csproj", "{76B83486-CFD2-4A78-A38B-387A10D8A66A}"
EndProject
Project("{FAE04EC0-301F-11D3-BF4B-00C04F79EFBC}") = "HrPortal.Projects", "src\Modules\HrPortal.Projects\HrPortal.Projects.csproj", "{ACAE6B08-F7E4-447A-9792-33C07562E469}"
EndProject
Project("{FAE04EC0-301F-11D3-BF4B-00C04F79EFBC}") = "HrPortal.Tasks", "src\Modules\HrPortal.Tasks\HrPortal.Tasks.csproj", "{B1C2D3E4-F5A6-7890-BCDE-F123456789AB}"
EndProject
Project("{FAE04EC0-301F-11D3-BF4B-00C04F79EFBC}") = "HrPortal.TimeTracking", "src\Modules\HrPortal.TimeTracking\HrPortal.TimeTracking.csproj", "{04F8372A-A3EA-471E-BBE8-4FC15AF27FA2}"
EndProject
Project("{FAE04EC0-301F-11D3-BF4B-00C04F79EFBC}") = "HrPortal.Analytics", "src\Modules\HrPortal.Analytics\HrPortal.Analytics.csproj", "{9F008FA5-561D-42B9-85CB-AD1D3363769C}"
EndProject
Project("{FAE04EC0-301F-11D3-BF4B-00C04F79EFBC}") = "HrPortal.Calendar", "src\Modules\HrPortal.Calendar\HrPortal.Calendar.csproj", "{C4L3ND4R-0001-4000-8000-000000000024}"
EndProject
Project("{FAE04EC0-301F-11D3-BF4B-00C04F79EFBC}") = "HrPortal.Reporting", "src\Modules\HrPortal.Reporting\HrPortal.Reporting.csproj", "{1477D2DE-B3D7-438D-A900-28A47897769E}"
EndProject
Global
	GlobalSection(SolutionConfigurationPlatforms) = preSolution
		Debug|Any CPU = Debug|Any CPU
		Release|Any CPU = Release|Any CPU
	EndGlobalSection
	GlobalSection(ProjectConfigurationPlatforms) = postSolution
		{A1B2C3D4-E5F6-7890-ABCD-EF1234567890}.Debug|Any CPU.ActiveCfg = Debug|Any CPU
		{A1B2C3D4-E5F6-7890-ABCD-EF1234567890}.Debug|Any CPU.Build.0 = Debug|Any CPU
		{A1B2C3D4-E5F6-7890-ABCD-EF1234567890}.Release|Any CPU.ActiveCfg = Release|Any CPU
		{A1B2C3D4-E5F6-7890-ABCD-EF1234567890}.Release|Any CPU.Build.0 = Release|Any CPU
		{B2C3D4E5-F6A7-8901-BCDE-F12345678901}.Debug|Any CPU.ActiveCfg = Debug|Any CPU
		{B2C3D4E5-F6A7-8901-BCDE-F12345678901}.Debug|Any CPU.Build.0 = Debug|Any CPU
		{B2C3D4E5-F6A7-8901-BCDE-F12345678901}.Release|Any CPU.ActiveCfg = Release|Any CPU
		{B2C3D4E5-F6A7-8901-BCDE-F12345678901}.Release|Any CPU.Build.0 = Release|Any CPU
		{C3D4E5F6-A7B8-9012-CDEF-123456789012}.Debug|Any CPU.ActiveCfg = Debug|Any CPU
		{C3D4E5F6-A7B8-9012-CDEF-123456789012}.Debug|Any CPU.Build.0 = Debug|Any CPU
		{C3D4E5F6-A7B8-9012-CDEF-123456789012}.Release|Any CPU.ActiveCfg = Release|Any CPU
		{C3D4E5F6-A7B8-9012-CDEF-123456789012}.Release|Any CPU.Build.0 = Release|Any CPU
		{D4E5F6A7-B8C9-0123-DEF0-234567890123}.Debug|Any CPU.ActiveCfg = Debug|Any CPU
		{D4E5F6A7-B8C9-0123-DEF0-234567890123}.Debug|Any CPU.Build.0 = Debug|Any CPU
		{D4E5F6A7-B8C9-0123-DEF0-234567890123}.Release|Any CPU.ActiveCfg = Release|Any CPU
		{D4E5F6A7-B8C9-0123-DEF0-234567890123}.Release|Any CPU.Build.0 = Release|Any CPU
		{E5F6A7B8-C9D0-1234-EF01-345678901234}.Debug|Any CPU.ActiveCfg = Debug|Any CPU
		{E5F6A7B8-C9D0-1234-EF01-345678901234}.Debug|Any CPU.Build.0 = Debug|Any CPU
		{E5F6A7B8-C9D0-1234-EF01-345678901234}.Release|Any CPU.ActiveCfg = Release|Any CPU
		{E5F6A7B8-C9D0-1234-EF01-345678901234}.Release|Any CPU.Build.0 = Release|Any CPU
		{F6A7B8C9-D0E1-2345-F012-456789012345}.Debug|Any CPU.ActiveCfg = Debug|Any CPU
		{F6A7B8C9-D0E1-2345-F012-456789012345}.Debug|Any CPU.Build.0 = Debug|Any CPU
		{F6A7B8C9-D0E1-2345-F012-456789012345}.Release|Any CPU.ActiveCfg = Release|Any CPU
		{F6A7B8C9-D0E1-2345-F012-456789012345}.Release|Any CPU.Build.0 = Release|Any CPU
		{A7B8C9D0-E1F2-3456-0123-567890123456}.Debug|Any CPU.ActiveCfg = Debug|Any CPU
		{A7B8C9D0-E1F2-3456-0123-567890123456}.Debug|Any CPU.Build.0 = Debug|Any CPU
		{A7B8C9D0-E1F2-3456-0123-567890123456}.Release|Any CPU.ActiveCfg = Release|Any CPU
		{A7B8C9D0-E1F2-3456-0123-567890123456}.Release|Any CPU.Build.0 = Release|Any CPU
		{B8C9D0E1-F2A3-4567-1234-678901234567}.Debug|Any CPU.ActiveCfg = Debug|Any CPU
		{B8C9D0E1-F2A3-4567-1234-678901234567}.Debug|Any CPU.Build.0 = Debug|Any CPU
		{B8C9D0E1-F2A3-4567-1234-678901234567}.Release|Any CPU.ActiveCfg = Release|Any CPU
		{B8C9D0E1-F2A3-4567-1234-678901234567}.Release|Any CPU.Build.0 = Release|Any CPU
		{C9D0E1F2-A3B4-5678-2345-789012345678}.Debug|Any CPU.ActiveCfg = Debug|Any CPU
		{C9D0E1F2-A3B4-5678-2345-789012345678}.Debug|Any CPU.Build.0 = Debug|Any CPU
		{C9D0E1F2-A3B4-5678-2345-789012345678}.Release|Any CPU.ActiveCfg = Release|Any CPU
		{C9D0E1F2-A3B4-5678-2345-789012345678}.Release|Any CPU.Build.0 = Release|Any CPU
		{A3B4C5D6-E7F8-9012-3456-789012345ABC}.Debug|Any CPU.ActiveCfg = Debug|Any CPU
		{A3B4C5D6-E7F8-9012-3456-789012345ABC}.Debug|Any CPU.Build.0 = Debug|Any CPU
		{A3B4C5D6-E7F8-9012-3456-789012345ABC}.Release|Any CPU.ActiveCfg = Release|Any CPU
		{A3B4C5D6-E7F8-9012-3456-789012345ABC}.Release|Any CPU.Build.0 = Release|Any CPU
		{D0E1F2A3-B4C5-6789-3456-890123456789}.Debug|Any CPU.ActiveCfg = Debug|Any CPU
		{D0E1F2A3-B4C5-6789-3456-890123456789}.Debug|Any CPU.Build.0 = Debug|Any CPU
		{D0E1F2A3-B4C5-6789-3456-890123456789}.Release|Any CPU.ActiveCfg = Release|Any CPU
		{D0E1F2A3-B4C5-6789-3456-890123456789}.Release|Any CPU.Build.0 = Release|Any CPU
		{E1F2A3B4-C5D6-7890-4567-901234567890}.Debug|Any CPU.ActiveCfg = Debug|Any CPU
		{E1F2A3B4-C5D6-7890-4567-901234567890}.Debug|Any CPU.Build.0 = Debug|Any CPU
		{E1F2A3B4-C5D6-7890-4567-901234567890}.Release|Any CPU.ActiveCfg = Release|Any CPU
		{E1F2A3B4-C5D6-7890-4567-901234567890}.Release|Any CPU.Build.0 = Release|Any CPU
		{F2A3B4C5-D6E7-8901-5678-012345678901}.Debug|Any CPU.ActiveCfg = Debug|Any CPU
		{F2A3B4C5-D6E7-8901-5678-012345678901}.Debug|Any CPU.Build.0 = Debug|Any CPU
		{F2A3B4C5-D6E7-8901-5678-012345678901}.Release|Any CPU.ActiveCfg = Release|Any CPU
		{F2A3B4C5-D6E7-8901-5678-012345678901}.Release|Any CPU.Build.0 = Release|Any CPU
		{992AC166-C237-4443-8D48-FBDB36F2A7CA}.Debug|Any CPU.ActiveCfg = Debug|Any CPU
		{992AC166-C237-4443-8D48-FBDB36F2A7CA}.Debug|Any CPU.Build.0 = Debug|Any CPU
		{992AC166-C237-4443-8D48-FBDB36F2A7CA}.Release|Any CPU.ActiveCfg = Release|Any CPU
		{992AC166-C237-4443-8D48-FBDB36F2A7CA}.Release|Any CPU.Build.0 = Release|Any CPU
		{26BD5136-D83E-4DEB-AB48-10BDA92DC888}.Debug|Any CPU.ActiveCfg = Debug|Any CPU
		{26BD5136-D83E-4DEB-AB48-10BDA92DC888}.Debug|Any CPU.Build.0 = Debug|Any CPU
		{26BD5136-D83E-4DEB-AB48-10BDA92DC888}.Release|Any CPU.ActiveCfg = Release|Any CPU
		{26BD5136-D83E-4DEB-AB48-10BDA92DC888}.Release|Any CPU.Build.0 = Release|Any CPU
		{BCEFCCC8-C4A9-497F-8C25-B6FE4891CD31}.Debug|Any CPU.ActiveCfg = Debug|Any CPU
		{BCEFCCC8-C4A9-497F-8C25-B6FE4891CD31}.Debug|Any CPU.Build.0 = Debug|Any CPU
		{BCEFCCC8-C4A9-497F-8C25-B6FE4891CD31}.Release|Any CPU.ActiveCfg = Release|Any CPU
		{BCEFCCC8-C4A9-497F-8C25-B6FE4891CD31}.Release|Any CPU.Build.0 = Release|Any CPU
		{76B83486-CFD2-4A78-A38B-387A10D8A66A}.Debug|Any CPU.ActiveCfg = Debug|Any CPU
		{76B83486-CFD2-4A78-A38B-387A10D8A66A}.Debug|Any CPU.Build.0 = Debug|Any CPU
		{76B83486-CFD2-4A78-A38B-387A10D8A66A}.Release|Any CPU.ActiveCfg = Release|Any CPU
		{76B83486-CFD2-4A78-A38B-387A10D8A66A}.Release|Any CPU.Build.0 = Release|Any CPU
		{ACAE6B08-F7E4-447A-9792-33C07562E469}.Debug|Any CPU.ActiveCfg = Debug|Any CPU
		{ACAE6B08-F7E4-447A-9792-33C07562E469}.Debug|Any CPU.Build.0 = Debug|Any CPU
		{ACAE6B08-F7E4-447A-9792-33C07562E469}.Release|Any CPU.ActiveCfg = Release|Any CPU
		{ACAE6B08-F7E4-447A-9792-33C07562E469}.Release|Any CPU.Build.0 = Release|Any CPU
		{B1C2D3E4-F5A6-7890-BCDE-F123456789AB}.Debug|Any CPU.ActiveCfg = Debug|Any CPU
		{B1C2D3E4-F5A6-7890-BCDE-F123456789AB}.Debug|Any CPU.Build.0 = Debug|Any CPU
		{B1C2D3E4-F5A6-7890-BCDE-F123456789AB}.Release|Any CPU.ActiveCfg = Release|Any CPU
		{B1C2D3E4-F5A6-7890-BCDE-F123456789AB}.Release|Any CPU.Build.0 = Release|Any CPU
		{04F8372A-A3EA-471E-BBE8-4FC15AF27FA2}.Debug|Any CPU.ActiveCfg = Debug|Any CPU
		{04F8372A-A3EA-471E-BBE8-4FC15AF27FA2}.Debug|Any CPU.Build.0 = Debug|Any CPU
		{04F8372A-A3EA-471E-BBE8-4FC15AF27FA2}.Release|Any CPU.ActiveCfg = Release|Any CPU
		{04F8372A-A3EA-471E-BBE8-4FC15AF27FA2}.Release|Any CPU.Build.0 = Release|Any CPU
		{C4L3ND4R-0001-4000-8000-000000000024}.Debug|Any CPU.ActiveCfg = Debug|Any CPU
		{C4L3ND4R-0001-4000-8000-000000000024}.Debug|Any CPU.Build.0 = Debug|Any CPU
		{C4L3ND4R-0001-4000-8000-000000000024}.Release|Any CPU.ActiveCfg = Release|Any CPU
		{C4L3ND4R-0001-4000-8000-000000000024}.Release|Any CPU.Build.0 = Release|Any CPU
		{9F008FA5-561D-42B9-85CB-AD1D3363769C}.Debug|Any CPU.ActiveCfg = Debug|Any CPU
		{9F008FA5-561D-42B9-85CB-AD1D3363769C}.Debug|Any CPU.Build.0 = Debug|Any CPU
		{9F008FA5-561D-42B9-85CB-AD1D3363769C}.Release|Any CPU.ActiveCfg = Release|Any CPU
		{9F008FA5-561D-42B9-85CB-AD1D3363769C}.Release|Any CPU.Build.0 = Release|Any CPU
		{1477D2DE-B3D7-438D-A900-28A47897769E}.Debug|Any CPU.ActiveCfg = Debug|Any CPU
		{1477D2DE-B3D7-438D-A900-28A47897769E}.Debug|Any CPU.Build.0 = Debug|Any CPU
		{1477D2DE-B3D7-438D-A900-28A47897769E}.Release|Any CPU.ActiveCfg = Release|Any CPU
		{1477D2DE-B3D7-438D-A900-28A47897769E}.Release|Any CPU.Build.0 = Release|Any CPU
	EndGlobalSection
	GlobalSection(NestedProjects) = preSolution
		{B2C3D4E5-F6A7-8901-BCDE-F12345678901} = {11111111-1111-1111-1111-111111111111}
		{C3D4E5F6-A7B8-9012-CDEF-123456789012} = {11111111-1111-1111-1111-111111111111}
		{D4E5F6A7-B8C9-0123-DEF0-234567890123} = {11111111-1111-1111-1111-111111111111}
		{E5F6A7B8-C9D0-1234-EF01-345678901234} = {11111111-1111-1111-1111-111111111111}
		{F6A7B8C9-D0E1-2345-F012-456789012345} = {11111111-1111-1111-1111-111111111111}
		{A7B8C9D0-E1F2-3456-0123-567890123456} = {11111111-1111-1111-1111-111111111111}
		{B8C9D0E1-F2A3-4567-1234-678901234567} = {11111111-1111-1111-1111-111111111111}
		{C9D0E1F2-A3B4-5678-2345-789012345678} = {11111111-1111-1111-1111-111111111111}
		{A3B4C5D6-E7F8-9012-3456-789012345ABC} = {22222222-2222-2222-2222-222222222222}
		{D0E1F2A3-B4C5-6789-3456-890123456789} = {22222222-2222-2222-2222-222222222222}
		{E1F2A3B4-C5D6-7890-4567-901234567890} = {33333333-3333-3333-3333-333333333333}
		{F2A3B4C5-D6E7-8901-5678-012345678901} = {33333333-3333-3333-3333-333333333333}
		{D3A38279-81BD-43D6-817E-AD47C62348E1} = {E14A30AD-4D3A-449A-9C21-57397345108A}
		{992AC166-C237-4443-8D48-FBDB36F2A7CA} = {D3A38279-81BD-43D6-817E-AD47C62348E1}
		{26BD5136-D83E-4DEB-AB48-10BDA92DC888} = {D3A38279-81BD-43D6-817E-AD47C62348E1}
		{BCEFCCC8-C4A9-497F-8C25-B6FE4891CD31} = {D3A38279-81BD-43D6-817E-AD47C62348E1}
		{5DE946BB-13CE-4041-B170-D94982395865} = {E14A30AD-4D3A-449A-9C21-57397345108A}
		{76B83486-CFD2-4A78-A38B-387A10D8A66A} = {5DE946BB-13CE-4041-B170-D94982395865}
		{ACAE6B08-F7E4-447A-9792-33C07562E469} = {D3A38279-81BD-43D6-817E-AD47C62348E1}
		{B1C2D3E4-F5A6-7890-BCDE-F123456789AB} = {D3A38279-81BD-43D6-817E-AD47C62348E1}
		{04F8372A-A3EA-471E-BBE8-4FC15AF27FA2} = {D3A38279-81BD-43D6-817E-AD47C62348E1}
		{C4L3ND4R-0001-4000-8000-000000000024} = {D3A38279-81BD-43D6-817E-AD47C62348E1}
		{9F008FA5-561D-42B9-85CB-AD1D3363769C} = {D3A38279-81BD-43D6-817E-AD47C62348E1}
		{1477D2DE-B3D7-438D-A900-28A47897769E} = {D3A38279-81BD-43D6-817E-AD47C62348E1}
	EndGlobalSection
EndGlobal
